
Microsoft Visual Studio Solution File, Format Version 12.00
# Visual Studio Version 16
VisualStudioVersion = 16.0.32929.386
MinimumVisualStudioVersion = 10.0.40219.1
Project("{FAE04EC0-301F-11D3-BF4B-00C04F79EFBC}") = "DisasterWebsiteAppr", "DisasterWebsiteAppr\DisasterWebsiteAppr.csproj", "{81DFCC17-6338-4751-A2B5-7BAFA62C3E88}"
EndProject
Global
	GlobalSection(SolutionConfigurationPlatforms) = preSolution
		Debug|Any CPU = Debug|Any CPU
		Release|Any CPU = Release|Any CPU
	EndGlobalSection
	GlobalSection(ProjectConfigurationPlatforms) = postSolution
		{81DFCC17-6338-4751-A2B5-7BAFA62C3E88}.Debug|Any CPU.ActiveCfg = Debug|Any CPU
		{81DFCC17-6338-4751-A2B5-7BAFA62C3E88}.Debug|Any CPU.Build.0 = Debug|Any CPU
		{81DFCC17-6338-4751-A2B5-7BAFA62C3E88}.Release|Any CPU.ActiveCfg = Release|Any CPU
		{81DFCC17-6338-4751-A2B5-7BAFA62C3E88}.Release|Any CPU.Build.0 = Release|Any CPU
	EndGlobalSection
	GlobalSection(SolutionProperties) = preSolution
		HideSolutionNode = FALSE
	EndGlobalSection
	GlobalSection(ExtensibilityGlobals) = postSolution
		SolutionGuid = {2A6D92C7-94AC-48B9-8558-8872603003D5}
	EndGlobalSection
EndGlobal
